
Microsoft Visual Studio Solution File, Format Version 12.00
# Visual Studio 15
VisualStudioVersion = 15.0.28307.271
MinimumVisualStudioVersion = 10.0.40219.1
Project("{FAE04EC0-301F-11D3-BF4B-00C04F79EFBC}") = "Chain of Responsibility-Exception", "DesignPatterns\Chain of Responsibility-Exception.csproj", "{69F3F7D6-63F5-45E9-A86A-5E5804AF88F9}"
EndProject
Project("{2150E333-8FDC-42A3-9474-1A3956D46DE8}") = "Chain of Responsibility", "Chain of Responsibility", "{4DA64B1E-5F98-4D9E-A10D-CC6973349838}"
EndProject
Project("{2150E333-8FDC-42A3-9474-1A3956D46DE8}") = "Facade", "Facade", "{87AD418F-04ED-4D8F-8CBA-7A5EBA26DABA}"
EndProject
Project("{FAE04EC0-301F-11D3-BF4B-00C04F79EFBC}") = "Facade-Component", "Facade-Component\Facade-Component.csproj", "{6AB76A58-4ACC-4546-B6A3-D84078918DFE}"
EndProject
Project("{FAE04EC0-301F-11D3-BF4B-00C04F79EFBC}") = "Facade-foreach", "Facade-foreach\Facade-foreach.csproj", "{89E71E9C-5BE9-490B-9FFC-0D71CA928E79}"
EndProject
Project("{2150E333-8FDC-42A3-9474-1A3956D46DE8}") = "Iterator", "Iterator", "{935393FE-1EFD-4471-BAA6-38FA5F90CA73}"
EndProject
Project("{2150E333-8FDC-42A3-9474-1A3956D46DE8}") = "M4aCatalog", "M4aCatalog", "{10C2B8AA-65B2-457F-B30B-48379C259FBC}"
EndProject
Project("{FAE04EC0-301F-11D3-BF4B-00C04F79EFBC}") = "Iterator-M4aLibrary", "Iterator-MP3Library\Iterator-M4aLibrary.csproj", "{3E107D2B-7A61-4E06-9576-E20F1F761FCA}"
EndProject
Project("{FAE04EC0-301F-11D3-BF4B-00C04F79EFBC}") = "Iterator-M4aViewer", "Iterator-MP3Viewer\Iterator-M4aViewer.csproj", "{35334E65-108E-402F-8E3D-29D35138CC6F}"
EndProject
Project("{2150E333-8FDC-42A3-9474-1A3956D46DE8}") = "SequenceIterator", "SequenceIterator", "{97376EBF-C70A-4CAA-92ED-FC55D590CA67}"
EndProject
Project("{FAE04EC0-301F-11D3-BF4B-00C04F79EFBC}") = "Iterator-SequenceLibrary", "Iterator-SequenceLibrary\Iterator-SequenceLibrary.csproj", "{37D1FFC3-8F7A-418C-BEA8-5513B69CFBA5}"
EndProject
Project("{FAE04EC0-301F-11D3-BF4B-00C04F79EFBC}") = "Iterator-SequenceViewer", "Iterator-SequenceViewer\Iterator-SequenceViewer.csproj", "{824FEB4C-3C59-43CD-BC3B-FCD9C32ACAD9}"
EndProject
Project("{2150E333-8FDC-42A3-9474-1A3956D46DE8}") = "Iterator-foreach", "Iterator-foreach", "{D729B510-71C3-44E3-AC8D-68ED8873379A}"
EndProject
Project("{FAE04EC0-301F-11D3-BF4B-00C04F79EFBC}") = "Iterator-foreach", "Iterator-foreach\Iterator-foreach.csproj", "{FEA81E95-3CB2-4B62-BA6C-688B9FC46933}"
EndProject
Global
	GlobalSection(SolutionConfigurationPlatforms) = preSolution
		Debug|Any CPU = Debug|Any CPU
		Release|Any CPU = Release|Any CPU
	EndGlobalSection
	GlobalSection(ProjectConfigurationPlatforms) = postSolution
		{69F3F7D6-63F5-45E9-A86A-5E5804AF88F9}.Debug|Any CPU.ActiveCfg = Debug|Any CPU
		{69F3F7D6-63F5-45E9-A86A-5E5804AF88F9}.Debug|Any CPU.Build.0 = Debug|Any CPU
		{69F3F7D6-63F5-45E9-A86A-5E5804AF88F9}.Release|Any CPU.ActiveCfg = Release|Any CPU
		{69F3F7D6-63F5-45E9-A86A-5E5804AF88F9}.Release|Any CPU.Build.0 = Release|Any CPU
		{6AB76A58-4ACC-4546-B6A3-D84078918DFE}.Debug|Any CPU.ActiveCfg = Debug|Any CPU
		{6AB76A58-4ACC-4546-B6A3-D84078918DFE}.Debug|Any CPU.Build.0 = Debug|Any CPU
		{6AB76A58-4ACC-4546-B6A3-D84078918DFE}.Release|Any CPU.ActiveCfg = Release|Any CPU
		{6AB76A58-4ACC-4546-B6A3-D84078918DFE}.Release|Any CPU.Build.0 = Release|Any CPU
		{89E71E9C-5BE9-490B-9FFC-0D71CA928E79}.Debug|Any CPU.ActiveCfg = Debug|Any CPU
		{89E71E9C-5BE9-490B-9FFC-0D71CA928E79}.Debug|Any CPU.Build.0 = Debug|Any CPU
		{89E71E9C-5BE9-490B-9FFC-0D71CA928E79}.Release|Any CPU.ActiveCfg = Release|Any CPU
		{89E71E9C-5BE9-490B-9FFC-0D71CA928E79}.Release|Any CPU.Build.0 = Release|Any CPU
		{3E107D2B-7A61-4E06-9576-E20F1F761FCA}.Debug|Any CPU.ActiveCfg = Debug|Any CPU
		{3E107D2B-7A61-4E06-9576-E20F1F761FCA}.Debug|Any CPU.Build.0 = Debug|Any CPU
		{3E107D2B-7A61-4E06-9576-E20F1F761FCA}.Release|Any CPU.ActiveCfg = Release|Any CPU
		{3E107D2B-7A61-4E06-9576-E20F1F761FCA}.Release|Any CPU.Build.0 = Release|Any CPU
		{35334E65-108E-402F-8E3D-29D35138CC6F}.Debug|Any CPU.ActiveCfg = Debug|Any CPU
		{35334E65-108E-402F-8E3D-29D35138CC6F}.Debug|Any CPU.Build.0 = Debug|Any CPU
		{35334E65-108E-402F-8E3D-29D35138CC6F}.Release|Any CPU.ActiveCfg = Release|Any CPU
		{35334E65-108E-402F-8E3D-29D35138CC6F}.Release|Any CPU.Build.0 = Release|Any CPU
		{37D1FFC3-8F7A-418C-BEA8-5513B69CFBA5}.Debug|Any CPU.ActiveCfg = Debug|Any CPU
		{37D1FFC3-8F7A-418C-BEA8-5513B69CFBA5}.Debug|Any CPU.Build.0 = Debug|Any CPU
		{37D1FFC3-8F7A-418C-BEA8-5513B69CFBA5}.Release|Any CPU.ActiveCfg = Release|Any CPU
		{37D1FFC3-8F7A-418C-BEA8-5513B69CFBA5}.Release|Any CPU.Build.0 = Release|Any CPU
		{824FEB4C-3C59-43CD-BC3B-FCD9C32ACAD9}.Debug|Any CPU.ActiveCfg = Debug|Any CPU
		{824FEB4C-3C59-43CD-BC3B-FCD9C32ACAD9}.Debug|Any CPU.Build.0 = Debug|Any CPU
		{824FEB4C-3C59-43CD-BC3B-FCD9C32ACAD9}.Release|Any CPU.ActiveCfg = Release|Any CPU
		{824FEB4C-3C59-43CD-BC3B-FCD9C32ACAD9}.Release|Any CPU.Build.0 = Release|Any CPU
		{FEA81E95-3CB2-4B62-BA6C-688B9FC46933}.Debug|Any CPU.ActiveCfg = Debug|Any CPU
		{FEA81E95-3CB2-4B62-BA6C-688B9FC46933}.Debug|Any CPU.Build.0 = Debug|Any CPU
		{FEA81E95-3CB2-4B62-BA6C-688B9FC46933}.Release|Any CPU.ActiveCfg = Release|Any CPU
		{FEA81E95-3CB2-4B62-BA6C-688B9FC46933}.Release|Any CPU.Build.0 = Release|Any CPU
	EndGlobalSection
	GlobalSection(SolutionProperties) = preSolution
		HideSolutionNode = FALSE
	EndGlobalSection
	GlobalSection(NestedProjects) = preSolution
		{69F3F7D6-63F5-45E9-A86A-5E5804AF88F9} = {4DA64B1E-5F98-4D9E-A10D-CC6973349838}
		{6AB76A58-4ACC-4546-B6A3-D84078918DFE} = {87AD418F-04ED-4D8F-8CBA-7A5EBA26DABA}
		{89E71E9C-5BE9-490B-9FFC-0D71CA928E79} = {87AD418F-04ED-4D8F-8CBA-7A5EBA26DABA}
		{10C2B8AA-65B2-457F-B30B-48379C259FBC} = {935393FE-1EFD-4471-BAA6-38FA5F90CA73}
		{3E107D2B-7A61-4E06-9576-E20F1F761FCA} = {10C2B8AA-65B2-457F-B30B-48379C259FBC}
		{35334E65-108E-402F-8E3D-29D35138CC6F} = {10C2B8AA-65B2-457F-B30B-48379C259FBC}
		{97376EBF-C70A-4CAA-92ED-FC55D590CA67} = {935393FE-1EFD-4471-BAA6-38FA5F90CA73}
		{37D1FFC3-8F7A-418C-BEA8-5513B69CFBA5} = {97376EBF-C70A-4CAA-92ED-FC55D590CA67}
		{824FEB4C-3C59-43CD-BC3B-FCD9C32ACAD9} = {97376EBF-C70A-4CAA-92ED-FC55D590CA67}
		{D729B510-71C3-44E3-AC8D-68ED8873379A} = {935393FE-1EFD-4471-BAA6-38FA5F90CA73}
		{FEA81E95-3CB2-4B62-BA6C-688B9FC46933} = {D729B510-71C3-44E3-AC8D-68ED8873379A}
	EndGlobalSection
	GlobalSection(ExtensibilityGlobals) = postSolution
		SolutionGuid = {D67EA8C3-6078-4373-9A44-92E5B2354F67}
	EndGlobalSection
EndGlobal
